// !$*UTF8*$!
{
	archiveVersion = 1;
	classes = {
	};
	objectVersion = 56;
	objects = {

/* Begin PBXBuildFile section */
		C72A16032B2E9BB100E1F57B /* UserService.swift in Sources */ = {isa = PBXBuildFile; fileRef = C72A16022B2E9BB100E1F57B /* UserService.swift */; };
		C72A16072B2EA57300E1F57B /* InboxViewModel.swift in Sources */ = {isa = PBXBuildFile; fileRef = C72A16062B2EA57300E1F57B /* InboxViewModel.swift */; };
		C72A160B2B2EB3E900E1F57B /* NewMessageViewModel.swift in Sources */ = {isa = PBXBuildFile; fileRef = C72A160A2B2EB3E900E1F57B /* NewMessageViewModel.swift */; };
		C72A160D2B2ECA7000E1F57B /* Message.swift in Sources */ = {isa = PBXBuildFile; fileRef = C72A160C2B2ECA7000E1F57B /* Message.swift */; };
		C72A160F2B2ECE1700E1F57B /* MessageService.swift in Sources */ = {isa = PBXBuildFile; fileRef = C72A160E2B2ECE1700E1F57B /* MessageService.swift */; };
		C72A16132B2ED5ED00E1F57B /* ChatViewModel.swift in Sources */ = {isa = PBXBuildFile; fileRef = C72A16122B2ED5ED00E1F57B /* ChatViewModel.swift */; };
		C74E046A2B2BF0B00066095B /* MessengerTutorialApp.swift in Sources */ = {isa = PBXBuildFile; fileRef = C74E04692B2BF0B00066095B /* MessengerTutorialApp.swift */; };
		C74E046C2B2BF0B00066095B /* ContentView.swift in Sources */ = {isa = PBXBuildFile; fileRef = C74E046B2B2BF0B00066095B /* ContentView.swift */; };
		C74E046E2B2BF0B00066095B /* Assets.xcassets in Resources */ = {isa = PBXBuildFile; fileRef = C74E046D2B2BF0B00066095B /* Assets.xcassets */; };
		C74E04712B2BF0B00066095B /* Preview Assets.xcassets in Resources */ = {isa = PBXBuildFile; fileRef = C74E04702B2BF0B00066095B /* Preview Assets.xcassets */; };
		C74E04802B2BF1470066095B /* LoginView.swift in Sources */ = {isa = PBXBuildFile; fileRef = C74E047F2B2BF1470066095B /* LoginView.swift */; };
		C74E04822B2BF82D0066095B /* RegistrationView.swift in Sources */ = {isa = PBXBuildFile; fileRef = C74E04812B2BF82D0066095B /* RegistrationView.swift */; };
		C74E04852B2C04DC0066095B /* InboxView.swift in Sources */ = {isa = PBXBuildFile; fileRef = C74E04842B2C04DC0066095B /* InboxView.swift */; };
		C74E04882B2C065B0066095B /* ActiveNowView.swift in Sources */ = {isa = PBXBuildFile; fileRef = C74E04872B2C065B0066095B /* ActiveNowView.swift */; };
		C74E048A2B2C08AB0066095B /* InboxRowView.swift in Sources */ = {isa = PBXBuildFile; fileRef = C74E04892B2C08AB0066095B /* InboxRowView.swift */; };
		C74E048D2B2C11EE0066095B /* NewMessageView.swift in Sources */ = {isa = PBXBuildFile; fileRef = C74E048C2B2C11EE0066095B /* NewMessageView.swift */; };
		C74E04922B2C19310066095B /* ProfileView.swift in Sources */ = {isa = PBXBuildFile; fileRef = C74E04912B2C19310066095B /* ProfileView.swift */; };
		C74E04942B2C1AB70066095B /* SettingsOptionsViewModel.swift in Sources */ = {isa = PBXBuildFile; fileRef = C74E04932B2C1AB70066095B /* SettingsOptionsViewModel.swift */; };
		C755DBA02B2DB93E000292D0 /* ProfileViewModel.swift in Sources */ = {isa = PBXBuildFile; fileRef = C755DB9F2B2DB93E000292D0 /* ProfileViewModel.swift */; };
		C76C7C622B2E0DD70052742A /* User.swift in Sources */ = {isa = PBXBuildFile; fileRef = C76C7C612B2E0DD70052742A /* User.swift */; };
		C76C7C652B2E15080052742A /* CircularProfileImageView.swift in Sources */ = {isa = PBXBuildFile; fileRef = C76C7C642B2E15080052742A /* CircularProfileImageView.swift */; };
		C76C7C682B2E26100052742A /* ChatView.swift in Sources */ = {isa = PBXBuildFile; fileRef = C76C7C672B2E26100052742A /* ChatView.swift */; };
		C76C7C6A2B2E2D680052742A /* ChatMessageCell.swift in Sources */ = {isa = PBXBuildFile; fileRef = C76C7C692B2E2D680052742A /* ChatMessageCell.swift */; };
		C76C7C6C2B2E35050052742A /* ChatBubble.swift in Sources */ = {isa = PBXBuildFile; fileRef = C76C7C6B2B2E35050052742A /* ChatBubble.swift */; };
		C76C7C702B2E45CF0052742A /* GoogleService-Info.plist in Resources */ = {isa = PBXBuildFile; fileRef = C76C7C6F2B2E45CF0052742A /* GoogleService-Info.plist */; };
		C76C7C732B2E464F0052742A /* FirebaseAnalytics in Frameworks */ = {isa = PBXBuildFile; productRef = C76C7C722B2E464F0052742A /* FirebaseAnalytics */; };
		C76C7C752B2E464F0052742A /* FirebaseAnalyticsOnDeviceConversion in Frameworks */ = {isa = PBXBuildFile; productRef = C76C7C742B2E464F0052742A /* FirebaseAnalyticsOnDeviceConversion */; };
		C76C7C772B2E464F0052742A /* FirebaseAnalyticsSwift in Frameworks */ = {isa = PBXBuildFile; productRef = C76C7C762B2E464F0052742A /* FirebaseAnalyticsSwift */; };
		C76C7C792B2E464F0052742A /* FirebaseAnalyticsWithoutAdIdSupport in Frameworks */ = {isa = PBXBuildFile; productRef = C76C7C782B2E464F0052742A /* FirebaseAnalyticsWithoutAdIdSupport */; };
		C76C7C7B2B2E464F0052742A /* FirebaseAppCheck in Frameworks */ = {isa = PBXBuildFile; productRef = C76C7C7A2B2E464F0052742A /* FirebaseAppCheck */; };
		C76C7C7D2B2E464F0052742A /* FirebaseAppDistribution-Beta in Frameworks */ = {isa = PBXBuildFile; productRef = C76C7C7C2B2E464F0052742A /* FirebaseAppDistribution-Beta */; };
		C76C7C7F2B2E464F0052742A /* FirebaseAuth in Frameworks */ = {isa = PBXBuildFile; productRef = C76C7C7E2B2E464F0052742A /* FirebaseAuth */; };
		C76C7C812B2E464F0052742A /* FirebaseAuthCombine-Community in Frameworks */ = {isa = PBXBuildFile; productRef = C76C7C802B2E464F0052742A /* FirebaseAuthCombine-Community */; };
		C76C7C832B2E464F0052742A /* FirebaseCrashlytics in Frameworks */ = {isa = PBXBuildFile; productRef = C76C7C822B2E464F0052742A /* FirebaseCrashlytics */; };
		C76C7C852B2E464F0052742A /* FirebaseDatabase in Frameworks */ = {isa = PBXBuildFile; productRef = C76C7C842B2E464F0052742A /* FirebaseDatabase */; };
		C76C7C872B2E464F0052742A /* FirebaseDatabaseSwift in Frameworks */ = {isa = PBXBuildFile; productRef = C76C7C862B2E464F0052742A /* FirebaseDatabaseSwift */; };
		C76C7C892B2E464F0052742A /* FirebaseDynamicLinks in Frameworks */ = {isa = PBXBuildFile; productRef = C76C7C882B2E464F0052742A /* FirebaseDynamicLinks */; };
		C76C7C8B2B2E464F0052742A /* FirebaseFirestore in Frameworks */ = {isa = PBXBuildFile; productRef = C76C7C8A2B2E464F0052742A /* FirebaseFirestore */; };
		C76C7C8D2B2E464F0052742A /* FirebaseFirestoreCombine-Community in Frameworks */ = {isa = PBXBuildFile; productRef = C76C7C8C2B2E464F0052742A /* FirebaseFirestoreCombine-Community */; };
		C76C7C8F2B2E464F0052742A /* FirebaseFirestoreSwift in Frameworks */ = {isa = PBXBuildFile; productRef = C76C7C8E2B2E464F0052742A /* FirebaseFirestoreSwift */; };
		C76C7C912B2E464F0052742A /* FirebaseFunctions in Frameworks */ = {isa = PBXBuildFile; productRef = C76C7C902B2E464F0052742A /* FirebaseFunctions */; };
		C76C7C932B2E464F0052742A /* FirebaseFunctionsCombine-Community in Frameworks */ = {isa = PBXBuildFile; productRef = C76C7C922B2E464F0052742A /* FirebaseFunctionsCombine-Community */; };
		C76C7C952B2E464F0052742A /* FirebaseInAppMessaging-Beta in Frameworks */ = {isa = PBXBuildFile; productRef = C76C7C942B2E464F0052742A /* FirebaseInAppMessaging-Beta */; };
		C76C7C972B2E464F0052742A /* FirebaseInAppMessagingSwift-Beta in Frameworks */ = {isa = PBXBuildFile; productRef = C76C7C962B2E464F0052742A /* FirebaseInAppMessagingSwift-Beta */; };
		C76C7C992B2E464F0052742A /* FirebaseInstallations in Frameworks */ = {isa = PBXBuildFile; productRef = C76C7C982B2E464F0052742A /* FirebaseInstallations */; };
		C76C7C9B2B2E464F0052742A /* FirebaseMLModelDownloader in Frameworks */ = {isa = PBXBuildFile; productRef = C76C7C9A2B2E464F0052742A /* FirebaseMLModelDownloader */; };
		C76C7C9D2B2E464F0052742A /* FirebaseMessaging in Frameworks */ = {isa = PBXBuildFile; productRef = C76C7C9C2B2E464F0052742A /* FirebaseMessaging */; };
		C76C7C9F2B2E464F0052742A /* FirebasePerformance in Frameworks */ = {isa = PBXBuildFile; productRef = C76C7C9E2B2E464F0052742A /* FirebasePerformance */; };
		C76C7CA12B2E464F0052742A /* FirebaseRemoteConfig in Frameworks */ = {isa = PBXBuildFile; productRef = C76C7CA02B2E464F0052742A /* FirebaseRemoteConfig */; };
		C76C7CA32B2E464F0052742A /* FirebaseRemoteConfigSwift in Frameworks */ = {isa = PBXBuildFile; productRef = C76C7CA22B2E464F0052742A /* FirebaseRemoteConfigSwift */; };
		C76C7CA52B2E464F0052742A /* FirebaseStorage in Frameworks */ = {isa = PBXBuildFile; productRef = C76C7CA42B2E464F0052742A /* FirebaseStorage */; };
		C76C7CA72B2E464F0052742A /* FirebaseStorageCombine-Community in Frameworks */ = {isa = PBXBuildFile; productRef = C76C7CA62B2E464F0052742A /* FirebaseStorageCombine-Community */; };
		C76C7CAB2B2E4C100052742A /* LoginViewModel.swift in Sources */ = {isa = PBXBuildFile; fileRef = C76C7CAA2B2E4C100052742A /* LoginViewModel.swift */; };
		C76C7CAD2B2E4C430052742A /* RegistrationViewModel.swift in Sources */ = {isa = PBXBuildFile; fileRef = C76C7CAC2B2E4C430052742A /* RegistrationViewModel.swift */; };
		C76C7CAF2B2E4C5D0052742A /* AuthService.swift in Sources */ = {isa = PBXBuildFile; fileRef = C76C7CAE2B2E4C5D0052742A /* AuthService.swift */; };
		C76C7CB32B2E585D0052742A /* ContentViewModel.swift in Sources */ = {isa = PBXBuildFile; fileRef = C76C7CB22B2E585D0052742A /* ContentViewModel.swift */; };
/* End PBXBuildFile section */

/* Begin PBXFileReference section */
		C72A16022B2E9BB100E1F57B /* UserService.swift */ = {isa = PBXFileReference; lastKnownFileType = sourcecode.swift; path = UserService.swift; sourceTree = "<group>"; };
		C72A16062B2EA57300E1F57B /* InboxViewModel.swift */ = {isa = PBXFileReference; lastKnownFileType = sourcecode.swift; path = InboxViewModel.swift; sourceTree = "<group>"; };
		C72A160A2B2EB3E900E1F57B /* NewMessageViewModel.swift */ = {isa = PBXFileReference; lastKnownFileType = sourcecode.swift; path = NewMessageViewModel.swift; sourceTree = "<group>"; };
		C72A160C2B2ECA7000E1F57B /* Message.swift */ = {isa = PBXFileReference; lastKnownFileType = sourcecode.swift; path = Message.swift; sourceTree = "<group>"; };
		C72A160E2B2ECE1700E1F57B /* MessageService.swift */ = {isa = PBXFileReference; lastKnownFileType = sourcecode.swift; path = MessageService.swift; sourceTree = "<group>"; };
		C72A16122B2ED5ED00E1F57B /* ChatViewModel.swift */ = {isa = PBXFileReference; lastKnownFileType = sourcecode.swift; path = ChatViewModel.swift; sourceTree = "<group>"; };
		C74E04662B2BF0B00066095B /* MessengerTutorial.app */ = {isa = PBXFileReference; explicitFileType = wrapper.application; includeInIndex = 0; path = MessengerTutorial.app; sourceTree = BUILT_PRODUCTS_DIR; };
		C74E04692B2BF0B00066095B /* MessengerTutorialApp.swift */ = {isa = PBXFileReference; lastKnownFileType = sourcecode.swift; path = MessengerTutorialApp.swift; sourceTree = "<group>"; };
		C74E046B2B2BF0B00066095B /* ContentView.swift */ = {isa = PBXFileReference; lastKnownFileType = sourcecode.swift; path = ContentView.swift; sourceTree = "<group>"; };
		C74E046D2B2BF0B00066095B /* Assets.xcassets */ = {isa = PBXFileReference; lastKnownFileType = folder.assetcatalog; path = Assets.xcassets; sourceTree = "<group>"; };
		C74E04702B2BF0B00066095B /* Preview Assets.xcassets */ = {isa = PBXFileReference; lastKnownFileType = folder.assetcatalog; path = "Preview Assets.xcassets"; sourceTree = "<group>"; };
		C74E047F2B2BF1470066095B /* LoginView.swift */ = {isa = PBXFileReference; lastKnownFileType = sourcecode.swift; path = LoginView.swift; sourceTree = "<group>"; };
		C74E04812B2BF82D0066095B /* RegistrationView.swift */ = {isa = PBXFileReference; lastKnownFileType = sourcecode.swift; path = RegistrationView.swift; sourceTree = "<group>"; };
		C74E04842B2C04DC0066095B /* InboxView.swift */ = {isa = PBXFileReference; lastKnownFileType = sourcecode.swift; path = InboxView.swift; sourceTree = "<group>"; };
		C74E04872B2C065B0066095B /* ActiveNowView.swift */ = {isa = PBXFileReference; lastKnownFileType = sourcecode.swift; path = ActiveNowView.swift; sourceTree = "<group>"; };
		C74E04892B2C08AB0066095B /* InboxRowView.swift */ = {isa = PBXFileReference; lastKnownFileType = sourcecode.swift; path = InboxRowView.swift; sourceTree = "<group>"; };
		C74E048C2B2C11EE0066095B /* NewMessageView.swift */ = {isa = PBXFileReference; lastKnownFileType = sourcecode.swift; path = NewMessageView.swift; sourceTree = "<group>"; };
		C74E04912B2C19310066095B /* ProfileView.swift */ = {isa = PBXFileReference; lastKnownFileType = sourcecode.swift; path = ProfileView.swift; sourceTree = "<group>"; };
		C74E04932B2C1AB70066095B /* SettingsOptionsViewModel.swift */ = {isa = PBXFileReference; lastKnownFileType = sourcecode.swift; path = SettingsOptionsViewModel.swift; sourceTree = "<group>"; };
		C755DB9F2B2DB93E000292D0 /* ProfileViewModel.swift */ = {isa = PBXFileReference; lastKnownFileType = sourcecode.swift; path = ProfileViewModel.swift; sourceTree = "<group>"; };
		C76C7C612B2E0DD70052742A /* User.swift */ = {isa = PBXFileReference; lastKnownFileType = sourcecode.swift; path = User.swift; sourceTree = "<group>"; };
		C76C7C642B2E15080052742A /* CircularProfileImageView.swift */ = {isa = PBXFileReference; lastKnownFileType = sourcecode.swift; path = CircularProfileImageView.swift; sourceTree = "<group>"; };
		C76C7C672B2E26100052742A /* ChatView.swift */ = {isa = PBXFileReference; lastKnownFileType = sourcecode.swift; path = ChatView.swift; sourceTree = "<group>"; };
		C76C7C692B2E2D680052742A /* ChatMessageCell.swift */ = {isa = PBXFileReference; lastKnownFileType = sourcecode.swift; path = ChatMessageCell.swift; sourceTree = "<group>"; };
		C76C7C6B2B2E35050052742A /* ChatBubble.swift */ = {isa = PBXFileReference; lastKnownFileType = sourcecode.swift; path = ChatBubble.swift; sourceTree = "<group>"; };
		C76C7C6F2B2E45CF0052742A /* GoogleService-Info.plist */ = {isa = PBXFileReference; fileEncoding = 4; lastKnownFileType = text.plist.xml; path = "GoogleService-Info.plist"; sourceTree = "<group>"; };
		C76C7CAA2B2E4C100052742A /* LoginViewModel.swift */ = {isa = PBXFileReference; lastKnownFileType = sourcecode.swift; path = LoginViewModel.swift; sourceTree = "<group>"; };
		C76C7CAC2B2E4C430052742A /* RegistrationViewModel.swift */ = {isa = PBXFileReference; lastKnownFileType = sourcecode.swift; path = RegistrationViewModel.swift; sourceTree = "<group>"; };
		C76C7CAE2B2E4C5D0052742A /* AuthService.swift */ = {isa = PBXFileReference; lastKnownFileType = sourcecode.swift; path = AuthService.swift; sourceTree = "<group>"; };
		C76C7CB22B2E585D0052742A /* ContentViewModel.swift */ = {isa = PBXFileReference; lastKnownFileType = sourcecode.swift; path = ContentViewModel.swift; sourceTree = "<group>"; };
/* End PBXFileReference section */

/* Begin PBXFrameworksBuildPhase section */
		C74E04632B2BF0B00066095B /* Frameworks */ = {
			isa = PBXFrameworksBuildPhase;
			buildActionMask = 2147483647;
			files = (
				C76C7C852B2E464F0052742A /* FirebaseDatabase in Frameworks */,
				C76C7C932B2E464F0052742A /* FirebaseFunctionsCombine-Community in Frameworks */,
				C76C7C8B2B2E464F0052742A /* FirebaseFirestore in Frameworks */,
				C76C7C772B2E464F0052742A /* FirebaseAnalyticsSwift in Frameworks */,
				C76C7C732B2E464F0052742A /* FirebaseAnalytics in Frameworks */,
				C76C7C752B2E464F0052742A /* FirebaseAnalyticsOnDeviceConversion in Frameworks */,
				C76C7C9B2B2E464F0052742A /* FirebaseMLModelDownloader in Frameworks */,
				C76C7C8F2B2E464F0052742A /* FirebaseFirestoreSwift in Frameworks */,
				C76C7C7B2B2E464F0052742A /* FirebaseAppCheck in Frameworks */,
				C76C7C792B2E464F0052742A /* FirebaseAnalyticsWithoutAdIdSupport in Frameworks */,
				C76C7C7F2B2E464F0052742A /* FirebaseAuth in Frameworks */,
				C76C7C832B2E464F0052742A /* FirebaseCrashlytics in Frameworks */,
				C76C7CA32B2E464F0052742A /* FirebaseRemoteConfigSwift in Frameworks */,
				C76C7C952B2E464F0052742A /* FirebaseInAppMessaging-Beta in Frameworks */,
				C76C7C872B2E464F0052742A /* FirebaseDatabaseSwift in Frameworks */,
				C76C7C912B2E464F0052742A /* FirebaseFunctions in Frameworks */,
				C76C7CA72B2E464F0052742A /* FirebaseStorageCombine-Community in Frameworks */,
				C76C7CA12B2E464F0052742A /* FirebaseRemoteConfig in Frameworks */,
				C76C7C7D2B2E464F0052742A /* FirebaseAppDistribution-Beta in Frameworks */,
				C76C7C812B2E464F0052742A /* FirebaseAuthCombine-Community in Frameworks */,
				C76C7C9F2B2E464F0052742A /* FirebasePerformance in Frameworks */,
				C76C7C972B2E464F0052742A /* FirebaseInAppMessagingSwift-Beta in Frameworks */,
				C76C7CA52B2E464F0052742A /* FirebaseStorage in Frameworks */,
				C76C7C892B2E464F0052742A /* FirebaseDynamicLinks in Frameworks */,
				C76C7C8D2B2E464F0052742A /* FirebaseFirestoreCombine-Community in Frameworks */,
				C76C7C9D2B2E464F0052742A /* FirebaseMessaging in Frameworks */,
				C76C7C992B2E464F0052742A /* FirebaseInstallations in Frameworks */,
			);
			runOnlyForDeploymentPostprocessing = 0;
		};
/* End PBXFrameworksBuildPhase section */

/* Begin PBXGroup section */
		C72A16042B2EA53F00E1F57B /* ViewModel */ = {
			isa = PBXGroup;
			children = (
				C72A16062B2EA57300E1F57B /* InboxViewModel.swift */,
			);
			path = ViewModel;
			sourceTree = "<group>";
		};
		C72A16052B2EA54700E1F57B /* View */ = {
			isa = PBXGroup;
			children = (
				C74E04842B2C04DC0066095B /* InboxView.swift */,
				C74E04892B2C08AB0066095B /* InboxRowView.swift */,
			);
			path = View;
			sourceTree = "<group>";
		};
		C72A16082B2EB3C100E1F57B /* ViewModels */ = {
			isa = PBXGroup;
			children = (
				C72A160A2B2EB3E900E1F57B /* NewMessageViewModel.swift */,
			);
			path = ViewModels;
			sourceTree = "<group>";
		};
		C72A16092B2EB3C700E1F57B /* Views */ = {
			isa = PBXGroup;
			children = (
				C74E048C2B2C11EE0066095B /* NewMessageView.swift */,
			);
			path = Views;
			sourceTree = "<group>";
		};
		C72A16102B2ED5BE00E1F57B /* View */ = {
			isa = PBXGroup;
			children = (
				C76C7C672B2E26100052742A /* ChatView.swift */,
				C76C7C692B2E2D680052742A /* ChatMessageCell.swift */,
				C76C7C6B2B2E35050052742A /* ChatBubble.swift */,
			);
			path = View;
			sourceTree = "<group>";
		};
		C72A16112B2ED5C300E1F57B /* ViewModel */ = {
			isa = PBXGroup;
			children = (
				C72A16122B2ED5ED00E1F57B /* ChatViewModel.swift */,
			);
			path = ViewModel;
			sourceTree = "<group>";
		};
		C74E045D2B2BF0B00066095B = {
			isa = PBXGroup;
			children = (
				C74E04682B2BF0B00066095B /* MessengerTutorial */,
				C74E04672B2BF0B00066095B /* Products */,
			);
			sourceTree = "<group>";
		};
		C74E04672B2BF0B00066095B /* Products */ = {
			isa = PBXGroup;
			children = (
				C74E04662B2BF0B00066095B /* MessengerTutorial.app */,
			);
			name = Products;
			sourceTree = "<group>";
		};
		C74E04682B2BF0B00066095B /* MessengerTutorial */ = {
			isa = PBXGroup;
			children = (
				C74E047B2B2BF1000066095B /* App */,
				C74E047A2B2BF0FA0066095B /* Extensions */,
				C74E04792B2BF0F70066095B /* Core */,
				C74E04782B2BF0F20066095B /* Model */,
				C74E04772B2BF0EC0066095B /* Service */,
				C74E046D2B2BF0B00066095B /* Assets.xcassets */,
				C76C7C6F2B2E45CF0052742A /* GoogleService-Info.plist */,
				C74E046F2B2BF0B00066095B /* Preview Content */,
			);
			path = MessengerTutorial;
			sourceTree = "<group>";
		};
		C74E046F2B2BF0B00066095B /* Preview Content */ = {
			isa = PBXGroup;
			children = (
				C74E04702B2BF0B00066095B /* Preview Assets.xcassets */,
			);
			path = "Preview Content";
			sourceTree = "<group>";
		};
		C74E04772B2BF0EC0066095B /* Service */ = {
			isa = PBXGroup;
			children = (
				C72A16022B2E9BB100E1F57B /* UserService.swift */,
				C72A160E2B2ECE1700E1F57B /* MessageService.swift */,
			);
			path = Service;
			sourceTree = "<group>";
		};
		C74E04782B2BF0F20066095B /* Model */ = {
			isa = PBXGroup;
			children = (
				C76C7C612B2E0DD70052742A /* User.swift */,
				C72A160C2B2ECA7000E1F57B /* Message.swift */,
			);
			path = Model;
			sourceTree = "<group>";
		};
		C74E04792B2BF0F70066095B /* Core */ = {
			isa = PBXGroup;
			children = (
				C74E04862B2C06410066095B /* ActiveNow */,
				C74E047D2B2BF1170066095B /* Authentication */,
				C76C7C662B2E25FA0052742A /* Chat */,
				C76C7C632B2E14C10052742A /* Components */,
				C74E04832B2C04BF0066095B /* Inbox */,
				C74E048B2B2C11CE0066095B /* New Message */,
				C74E048E2B2C18F00066095B /* Profile */,
				C74E047C2B2BF1140066095B /* Root */,
			);
			path = Core;
			sourceTree = "<group>";
		};
		C74E047A2B2BF0FA0066095B /* Extensions */ = {
			isa = PBXGroup;
			children = (
			);
			path = Extensions;
			sourceTree = "<group>";
		};
		C74E047B2B2BF1000066095B /* App */ = {
			isa = PBXGroup;
			children = (
				C74E04692B2BF0B00066095B /* MessengerTutorialApp.swift */,
			);
			path = App;
			sourceTree = "<group>";
		};
		C74E047C2B2BF1140066095B /* Root */ = {
			isa = PBXGroup;
			children = (
				C76C7CB12B2E58440052742A /* View */,
				C76C7CB02B2E583F0052742A /* ViewModel */,
			);
			path = Root;
			sourceTree = "<group>";
		};
		C74E047D2B2BF1170066095B /* Authentication */ = {
			isa = PBXGroup;
			children = (
				C76C7CA92B2E4BF70052742A /* Service */,
				C76C7CA82B2E4BED0052742A /* ViewModel */,
				C74E047E2B2BF1370066095B /* View */,
			);
			path = Authentication;
			sourceTree = "<group>";
		};
		C74E047E2B2BF1370066095B /* View */ = {
			isa = PBXGroup;
			children = (
				C74E047F2B2BF1470066095B /* LoginView.swift */,
				C74E04812B2BF82D0066095B /* RegistrationView.swift */,
			);
			path = View;
			sourceTree = "<group>";
		};
		C74E04832B2C04BF0066095B /* Inbox */ = {
			isa = PBXGroup;
			children = (
				C72A16052B2EA54700E1F57B /* View */,
				C72A16042B2EA53F00E1F57B /* ViewModel */,
			);
			path = Inbox;
			sourceTree = "<group>";
		};
		C74E04862B2C06410066095B /* ActiveNow */ = {
			isa = PBXGroup;
			children = (
				C74E04872B2C065B0066095B /* ActiveNowView.swift */,
			);
			path = ActiveNow;
			sourceTree = "<group>";
		};
		C74E048B2B2C11CE0066095B /* New Message */ = {
			isa = PBXGroup;
			children = (
				C72A16092B2EB3C700E1F57B /* Views */,
				C72A16082B2EB3C100E1F57B /* ViewModels */,
			);
			path = "New Message";
			sourceTree = "<group>";
		};
		C74E048E2B2C18F00066095B /* Profile */ = {
			isa = PBXGroup;
			children = (
				C74E04902B2C191D0066095B /* View */,
				C74E048F2B2C19160066095B /* ViewModel */,
			);
			path = Profile;
			sourceTree = "<group>";
		};
		C74E048F2B2C19160066095B /* ViewModel */ = {
			isa = PBXGroup;
			children = (
				C74E04932B2C1AB70066095B /* SettingsOptionsViewModel.swift */,
				C755DB9F2B2DB93E000292D0 /* ProfileViewModel.swift */,
			);
			path = ViewModel;
			sourceTree = "<group>";
		};
		C74E04902B2C191D0066095B /* View */ = {
			isa = PBXGroup;
			children = (
				C74E04912B2C19310066095B /* ProfileView.swift */,
			);
			path = View;
			sourceTree = "<group>";
		};
		C76C7C632B2E14C10052742A /* Components */ = {
			isa = PBXGroup;
			children = (
				C76C7C642B2E15080052742A /* CircularProfileImageView.swift */,
			);
			path = Components;
			sourceTree = "<group>";
		};
		C76C7C662B2E25FA0052742A /* Chat */ = {
			isa = PBXGroup;
			children = (
				C72A16112B2ED5C300E1F57B /* ViewModel */,
				C72A16102B2ED5BE00E1F57B /* View */,
			);
			path = Chat;
			sourceTree = "<group>";
		};
		C76C7CA82B2E4BED0052742A /* ViewModel */ = {
			isa = PBXGroup;
			children = (
				C76C7CAA2B2E4C100052742A /* LoginViewModel.swift */,
				C76C7CAC2B2E4C430052742A /* RegistrationViewModel.swift */,
			);
			path = ViewModel;
			sourceTree = "<group>";
		};
		C76C7CA92B2E4BF70052742A /* Service */ = {
			isa = PBXGroup;
			children = (
				C76C7CAE2B2E4C5D0052742A /* AuthService.swift */,
			);
			path = Service;
			sourceTree = "<group>";
		};
		C76C7CB02B2E583F0052742A /* ViewModel */ = {
			isa = PBXGroup;
			children = (
				C76C7CB22B2E585D0052742A /* ContentViewModel.swift */,
			);
			path = ViewModel;
			sourceTree = "<group>";
		};
		C76C7CB12B2E58440052742A /* View */ = {
			isa = PBXGroup;
			children = (
				C74E046B2B2BF0B00066095B /* ContentView.swift */,
			);
			path = View;
			sourceTree = "<group>";
		};
/* End PBXGroup section */

/* Begin PBXNativeTarget section */
		C74E04652B2BF0B00066095B /* MessengerTutorial */ = {
			isa = PBXNativeTarget;
			buildConfigurationList = C74E04742B2BF0B00066095B /* Build configuration list for PBXNativeTarget "MessengerTutorial" */;
			buildPhases = (
				C74E04622B2BF0B00066095B /* Sources */,
				C74E04632B2BF0B00066095B /* Frameworks */,
				C74E04642B2BF0B00066095B /* Resources */,
			);
			buildRules = (
			);
			dependencies = (
			);
			name = MessengerTutorial;
			packageProductDependencies = (
				C76C7C722B2E464F0052742A /* FirebaseAnalytics */,
				C76C7C742B2E464F0052742A /* FirebaseAnalyticsOnDeviceConversion */,
				C76C7C762B2E464F0052742A /* FirebaseAnalyticsSwift */,
				C76C7C782B2E464F0052742A /* FirebaseAnalyticsWithoutAdIdSupport */,
				C76C7C7A2B2E464F0052742A /* FirebaseAppCheck */,
				C76C7C7C2B2E464F0052742A /* FirebaseAppDistribution-Beta */,
				C76C7C7E2B2E464F0052742A /* FirebaseAuth */,
				C76C7C802B2E464F0052742A /* FirebaseAuthCombine-Community */,
				C76C7C822B2E464F0052742A /* FirebaseCrashlytics */,
				C76C7C842B2E464F0052742A /* FirebaseDatabase */,
				C76C7C862B2E464F0052742A /* FirebaseDatabaseSwift */,
				C76C7C882B2E464F0052742A /* FirebaseDynamicLinks */,
				C76C7C8A2B2E464F0052742A /* FirebaseFirestore */,
				C76C7C8C2B2E464F0052742A /* FirebaseFirestoreCombine-Community */,
				C76C7C8E2B2E464F0052742A /* FirebaseFirestoreSwift */,
				C76C7C902B2E464F0052742A /* FirebaseFunctions */,
				C76C7C922B2E464F0052742A /* FirebaseFunctionsCombine-Community */,
				C76C7C942B2E464F0052742A /* FirebaseInAppMessaging-Beta */,
				C76C7C962B2E464F0052742A /* FirebaseInAppMessagingSwift-Beta */,
				C76C7C982B2E464F0052742A /* FirebaseInstallations */,
				C76C7C9A2B2E464F0052742A /* FirebaseMLModelDownloader */,
				C76C7C9C2B2E464F0052742A /* FirebaseMessaging */,
				C76C7C9E2B2E464F0052742A /* FirebasePerformance */,
				C76C7CA02B2E464F0052742A /* FirebaseRemoteConfig */,
				C76C7CA22B2E464F0052742A /* FirebaseRemoteConfigSwift */,
				C76C7CA42B2E464F0052742A /* FirebaseStorage */,
				C76C7CA62B2E464F0052742A /* FirebaseStorageCombine-Community */,
			);
			productName = MessengerTutorial;
			productReference = C74E04662B2BF0B00066095B /* MessengerTutorial.app */;
			productType = "com.apple.product-type.application";
		};
/* End PBXNativeTarget section */

/* Begin PBXProject section */
		C74E045E2B2BF0B00066095B /* Project object */ = {
			isa = PBXProject;
			attributes = {
				BuildIndependentTargetsInParallel = 1;
				LastSwiftUpdateCheck = 1500;
				LastUpgradeCheck = 1500;
				TargetAttributes = {
					C74E04652B2BF0B00066095B = {
						CreatedOnToolsVersion = 15.0.1;
					};
				};
			};
			buildConfigurationList = C74E04612B2BF0B00066095B /* Build configuration list for PBXProject "MessengerTutorial" */;
			compatibilityVersion = "Xcode 14.0";
			developmentRegion = en;
			hasScannedForEncodings = 0;
			knownRegions = (
				en,
				Base,
			);
			mainGroup = C74E045D2B2BF0B00066095B;
			packageReferences = (
				C76C7C712B2E464F0052742A /* XCRemoteSwiftPackageReference "firebase-ios-sdk" */,
			);
			productRefGroup = C74E04672B2BF0B00066095B /* Products */;
			projectDirPath = "";
			projectRoot = "";
			targets = (
				C74E04652B2BF0B00066095B /* MessengerTutorial */,
			);
		};
/* End PBXProject section */

/* Begin PBXResourcesBuildPhase section */
		C74E04642B2BF0B00066095B /* Resources */ = {
			isa = PBXResourcesBuildPhase;
			buildActionMask = 2147483647;
			files = (
				C74E04712B2BF0B00066095B /* Preview Assets.xcassets in Resources */,
				C74E046E2B2BF0B00066095B /* Assets.xcassets in Resources */,
				C76C7C702B2E45CF0052742A /* GoogleService-Info.plist in Resources */,
			);
			runOnlyForDeploymentPostprocessing = 0;
		};
/* End PBXResourcesBuildPhase section */

/* Begin PBXSourcesBuildPhase section */
		C74E04622B2BF0B00066095B /* Sources */ = {
			isa = PBXSourcesBuildPhase;
			buildActionMask = 2147483647;
			files = (
				C72A16132B2ED5ED00E1F57B /* ChatViewModel.swift in Sources */,
				C74E048A2B2C08AB0066095B /* InboxRowView.swift in Sources */,
				C72A16072B2EA57300E1F57B /* InboxViewModel.swift in Sources */,
				C76C7CAD2B2E4C430052742A /* RegistrationViewModel.swift in Sources */,
				C74E04922B2C19310066095B /* ProfileView.swift in Sources */,
				C74E048D2B2C11EE0066095B /* NewMessageView.swift in Sources */,
				C76C7CB32B2E585D0052742A /* ContentViewModel.swift in Sources */,
				C74E04802B2BF1470066095B /* LoginView.swift in Sources */,
				C76C7C682B2E26100052742A /* ChatView.swift in Sources */,
				C76C7CAF2B2E4C5D0052742A /* AuthService.swift in Sources */,
				C74E046C2B2BF0B00066095B /* ContentView.swift in Sources */,
				C76C7C6A2B2E2D680052742A /* ChatMessageCell.swift in Sources */,
				C76C7C6C2B2E35050052742A /* ChatBubble.swift in Sources */,
				C76C7C652B2E15080052742A /* CircularProfileImageView.swift in Sources */,
				C74E04852B2C04DC0066095B /* InboxView.swift in Sources */,
				C76C7CAB2B2E4C100052742A /* LoginViewModel.swift in Sources */,
				C72A160B2B2EB3E900E1F57B /* NewMessageViewModel.swift in Sources */,
				C72A16032B2E9BB100E1F57B /* UserService.swift in Sources */,
				C74E04882B2C065B0066095B /* ActiveNowView.swift in Sources */,
				C755DBA02B2DB93E000292D0 /* ProfileViewModel.swift in Sources */,
				C76C7C622B2E0DD70052742A /* User.swift in Sources */,
				C72A160F2B2ECE1700E1F57B /* MessageService.swift in Sources */,
				C74E046A2B2BF0B00066095B /* MessengerTutorialApp.swift in Sources */,
				C72A160D2B2ECA7000E1F57B /* Message.swift in Sources */,
				C74E04942B2C1AB70066095B /* SettingsOptionsViewModel.swift in Sources */,
				C74E04822B2BF82D0066095B /* RegistrationView.swift in Sources */,
			);
			runOnlyForDeploymentPostprocessing = 0;
		};
/* End PBXSourcesBuildPhase section */

/* Begin XCBuildConfiguration section */
		C74E04722B2BF0B00066095B /* Debug */ = {
			isa = XCBuildConfiguration;
			buildSettings = {
				ALWAYS_SEARCH_USER_PATHS = NO;
				ASSETCATALOG_COMPILER_GENERATE_SWIFT_ASSET_SYMBOL_EXTENSIONS = YES;
				CLANG_ANALYZER_NONNULL = YES;
				CLANG_ANALYZER_NUMBER_OBJECT_CONVERSION = YES_AGGRESSIVE;
				CLANG_CXX_LANGUAGE_STANDARD = "gnu++20";
				CLANG_ENABLE_MODULES = YES;
				CLANG_ENABLE_OBJC_ARC = YES;
				CLANG_ENABLE_OBJC_WEAK = YES;
				CLANG_WARN_BLOCK_CAPTURE_AUTORELEASING = YES;
				CLANG_WARN_BOOL_CONVERSION = YES;
				CLANG_WARN_COMMA = YES;
				CLANG_WARN_CONSTANT_CONVERSION = YES;
				CLANG_WARN_DEPRECATED_OBJC_IMPLEMENTATIONS = YES;
				CLANG_WARN_DIRECT_OBJC_ISA_USAGE = YES_ERROR;
				CLANG_WARN_DOCUMENTATION_COMMENTS = YES;
				CLANG_WARN_EMPTY_BODY = YES;
				CLANG_WARN_ENUM_CONVERSION = YES;
				CLANG_WARN_INFINITE_RECURSION = YES;
				CLANG_WARN_INT_CONVERSION = YES;
				CLANG_WARN_NON_LITERAL_NULL_CONVERSION = YES;
				CLANG_WARN_OBJC_IMPLICIT_RETAIN_SELF = YES;
				CLANG_WARN_OBJC_LITERAL_CONVERSION = YES;
				CLANG_WARN_OBJC_ROOT_CLASS = YES_ERROR;
				CLANG_WARN_QUOTED_INCLUDE_IN_FRAMEWORK_HEADER = YES;
				CLANG_WARN_RANGE_LOOP_ANALYSIS = YES;
				CLANG_WARN_STRICT_PROTOTYPES = YES;
				CLANG_WARN_SUSPICIOUS_MOVE = YES;
				CLANG_WARN_UNGUARDED_AVAILABILITY = YES_AGGRESSIVE;
				CLANG_WARN_UNREACHABLE_CODE = YES;
				CLANG_WARN__DUPLICATE_METHOD_MATCH = YES;
				COPY_PHASE_STRIP = NO;
				DEBUG_INFORMATION_FORMAT = dwarf;
				ENABLE_STRICT_OBJC_MSGSEND = YES;
				ENABLE_TESTABILITY = YES;
				ENABLE_USER_SCRIPT_SANDBOXING = YES;
				GCC_C_LANGUAGE_STANDARD = gnu17;
				GCC_DYNAMIC_NO_PIC = NO;
				GCC_NO_COMMON_BLOCKS = YES;
				GCC_OPTIMIZATION_LEVEL = 0;
				GCC_PREPROCESSOR_DEFINITIONS = (
					"DEBUG=1",
					"$(inherited)",
				);
				GCC_WARN_64_TO_32_BIT_CONVERSION = YES;
				GCC_WARN_ABOUT_RETURN_TYPE = YES_ERROR;
				GCC_WARN_UNDECLARED_SELECTOR = YES;
				GCC_WARN_UNINITIALIZED_AUTOS = YES_AGGRESSIVE;
				GCC_WARN_UNUSED_FUNCTION = YES;
				GCC_WARN_UNUSED_VARIABLE = YES;
				IPHONEOS_DEPLOYMENT_TARGET = 17.0;
				LOCALIZATION_PREFERS_STRING_CATALOGS = YES;
				MTL_ENABLE_DEBUG_INFO = INCLUDE_SOURCE;
				MTL_FAST_MATH = YES;
				ONLY_ACTIVE_ARCH = YES;
				SDKROOT = iphoneos;
				SWIFT_ACTIVE_COMPILATION_CONDITIONS = "DEBUG $(inherited)";
				SWIFT_OPTIMIZATION_LEVEL = "-Onone";
			};
			name = Debug;
		};
		C74E04732B2BF0B00066095B /* Release */ = {
			isa = XCBuildConfiguration;
			buildSettings = {
				ALWAYS_SEARCH_USER_PATHS = NO;
				ASSETCATALOG_COMPILER_GENERATE_SWIFT_ASSET_SYMBOL_EXTENSIONS = YES;
				CLANG_ANALYZER_NONNULL = YES;
				CLANG_ANALYZER_NUMBER_OBJECT_CONVERSION = YES_AGGRESSIVE;
				CLANG_CXX_LANGUAGE_STANDARD = "gnu++20";
				CLANG_ENABLE_MODULES = YES;
				CLANG_ENABLE_OBJC_ARC = YES;
				CLANG_ENABLE_OBJC_WEAK = YES;
				CLANG_WARN_BLOCK_CAPTURE_AUTORELEASING = YES;
				CLANG_WARN_BOOL_CONVERSION = YES;
				CLANG_WARN_COMMA = YES;
				CLANG_WARN_CONSTANT_CONVERSION = YES;
				CLANG_WARN_DEPRECATED_OBJC_IMPLEMENTATIONS = YES;
				CLANG_WARN_DIRECT_OBJC_ISA_USAGE = YES_ERROR;
				CLANG_WARN_DOCUMENTATION_COMMENTS = YES;
				CLANG_WARN_EMPTY_BODY = YES;
				CLANG_WARN_ENUM_CONVERSION = YES;
				CLANG_WARN_INFINITE_RECURSION = YES;
				CLANG_WARN_INT_CONVERSION = YES;
				CLANG_WARN_NON_LITERAL_NULL_CONVERSION = YES;
				CLANG_WARN_OBJC_IMPLICIT_RETAIN_SELF = YES;
				CLANG_WARN_OBJC_LITERAL_CONVERSION = YES;
				CLANG_WARN_OBJC_ROOT_CLASS = YES_ERROR;
				CLANG_WARN_QUOTED_INCLUDE_IN_FRAMEWORK_HEADER = YES;
				CLANG_WARN_RANGE_LOOP_ANALYSIS = YES;
				CLANG_WARN_STRICT_PROTOTYPES = YES;
				CLANG_WARN_SUSPICIOUS_MOVE = YES;
				CLANG_WARN_UNGUARDED_AVAILABILITY = YES_AGGRESSIVE;
				CLANG_WARN_UNREACHABLE_CODE = YES;
				CLANG_WARN__DUPLICATE_METHOD_MATCH = YES;
				COPY_PHASE_STRIP = NO;
				DEBUG_INFORMATION_FORMAT = "dwarf-with-dsym";
				ENABLE_NS_ASSERTIONS = NO;
				ENABLE_STRICT_OBJC_MSGSEND = YES;
				ENABLE_USER_SCRIPT_SANDBOXING = YES;
				GCC_C_LANGUAGE_STANDARD = gnu17;
				GCC_NO_COMMON_BLOCKS = YES;
				GCC_WARN_64_TO_32_BIT_CONVERSION = YES;
				GCC_WARN_ABOUT_RETURN_TYPE = YES_ERROR;
				GCC_WARN_UNDECLARED_SELECTOR = YES;
				GCC_WARN_UNINITIALIZED_AUTOS = YES_AGGRESSIVE;
				GCC_WARN_UNUSED_FUNCTION = YES;
				GCC_WARN_UNUSED_VARIABLE = YES;
				IPHONEOS_DEPLOYMENT_TARGET = 17.0;
				LOCALIZATION_PREFERS_STRING_CATALOGS = YES;
				MTL_ENABLE_DEBUG_INFO = NO;
				MTL_FAST_MATH = YES;
				SDKROOT = iphoneos;
				SWIFT_COMPILATION_MODE = wholemodule;
				VALIDATE_PRODUCT = YES;
			};
			name = Release;
		};
		C74E04752B2BF0B00066095B /* Debug */ = {
			isa = XCBuildConfiguration;
			buildSettings = {
				ASSETCATALOG_COMPILER_APPICON_NAME = AppIcon;
				ASSETCATALOG_COMPILER_GLOBAL_ACCENT_COLOR_NAME = AccentColor;
				CODE_SIGN_STYLE = Automatic;
				CURRENT_PROJECT_VERSION = 1;
				DEVELOPMENT_ASSET_PATHS = "\"MessengerTutorial/Preview Content\"";
				DEVELOPMENT_TEAM = VFGF7JD733;
				ENABLE_PREVIEWS = YES;
				GENERATE_INFOPLIST_FILE = YES;
				INFOPLIST_KEY_UIApplicationSceneManifest_Generation = YES;
				INFOPLIST_KEY_UIApplicationSupportsIndirectInputEvents = YES;
				INFOPLIST_KEY_UILaunchScreen_Generation = YES;
				INFOPLIST_KEY_UISupportedInterfaceOrientations_iPad = "UIInterfaceOrientationPortrait UIInterfaceOrientationPortraitUpsideDown UIInterfaceOrientationLandscapeLeft UIInterfaceOrientationLandscapeRight";
				INFOPLIST_KEY_UISupportedInterfaceOrientations_iPhone = "UIInterfaceOrientationPortrait UIInterfaceOrientationLandscapeLeft UIInterfaceOrientationLandscapeRight";
				LD_RUNPATH_SEARCH_PATHS = (
					"$(inherited)",
					"@executable_path/Frameworks",
				);
				MARKETING_VERSION = 1.0;
				PRODUCT_BUNDLE_IDENTIFIER = co.lexi.MessengerTutorial;
				PRODUCT_NAME = "$(TARGET_NAME)";
				SWIFT_EMIT_LOC_STRINGS = YES;
				SWIFT_VERSION = 5.0;
				TARGETED_DEVICE_FAMILY = "1,2";
			};
			name = Debug;
		};
		C74E04762B2BF0B00066095B /* Release */ = {
			isa = XCBuildConfiguration;
			buildSettings = {
				ASSETCATALOG_COMPILER_APPICON_NAME = AppIcon;
				ASSETCATALOG_COMPILER_GLOBAL_ACCENT_COLOR_NAME = AccentColor;
				CODE_SIGN_STYLE = Automatic;
				CURRENT_PROJECT_VERSION = 1;
				DEVELOPMENT_ASSET_PATHS = "\"MessengerTutorial/Preview Content\"";
				DEVELOPMENT_TEAM = VFGF7JD733;
				ENABLE_PREVIEWS = YES;
				GENERATE_INFOPLIST_FILE = YES;
				INFOPLIST_KEY_UIApplicationSceneManifest_Generation = YES;
				INFOPLIST_KEY_UIApplicationSupportsIndirectInputEvents = YES;
				INFOPLIST_KEY_UILaunchScreen_Generation = YES;
				INFOPLIST_KEY_UISupportedInterfaceOrientations_iPad = "UIInterfaceOrientationPortrait UIInterfaceOrientationPortraitUpsideDown UIInterfaceOrientationLandscapeLeft UIInterfaceOrientationLandscapeRight";
				INFOPLIST_KEY_UISupportedInterfaceOrientations_iPhone = "UIInterfaceOrientationPortrait UIInterfaceOrientationLandscapeLeft UIInterfaceOrientationLandscapeRight";
				LD_RUNPATH_SEARCH_PATHS = (
					"$(inherited)",
					"@executable_path/Frameworks",
				);
				MARKETING_VERSION = 1.0;
				PRODUCT_BUNDLE_IDENTIFIER = co.lexi.MessengerTutorial;
				PRODUCT_NAME = "$(TARGET_NAME)";
				SWIFT_EMIT_LOC_STRINGS = YES;
				SWIFT_VERSION = 5.0;
				TARGETED_DEVICE_FAMILY = "1,2";
			};
			name = Release;
		};
/* End XCBuildConfiguration section */

/* Begin XCConfigurationList section */
		C74E04612B2BF0B00066095B /* Build configuration list for PBXProject "MessengerTutorial" */ = {
			isa = XCConfigurationList;
			buildConfigurations = (
				C74E04722B2BF0B00066095B /* Debug */,
				C74E04732B2BF0B00066095B /* Release */,
			);
			defaultConfigurationIsVisible = 0;
			defaultConfigurationName = Release;
		};
		C74E04742B2BF0B00066095B /* Build configuration list for PBXNativeTarget "MessengerTutorial" */ = {
			isa = XCConfigurationList;
			buildConfigurations = (
				C74E04752B2BF0B00066095B /* Debug */,
				C74E04762B2BF0B00066095B /* Release */,
			);
			defaultConfigurationIsVisible = 0;
			defaultConfigurationName = Release;
		};
/* End XCConfigurationList section */

/* Begin XCRemoteSwiftPackageReference section */
		C76C7C712B2E464F0052742A /* XCRemoteSwiftPackageReference "firebase-ios-sdk" */ = {
			isa = XCRemoteSwiftPackageReference;
			repositoryURL = "https://github.com/firebase/firebase-ios-sdk";
			requirement = {
				kind = upToNextMajorVersion;
				minimumVersion = 10.19.1;
			};
		};
/* End XCRemoteSwiftPackageReference section */

/* Begin XCSwiftPackageProductDependency section */
		C76C7C722B2E464F0052742A /* FirebaseAnalytics */ = {
			isa = XCSwiftPackageProductDependency;
			package = C76C7C712B2E464F0052742A /* XCRemoteSwiftPackageReference "firebase-ios-sdk" */;
			productName = FirebaseAnalytics;
		};
		C76C7C742B2E464F0052742A /* FirebaseAnalyticsOnDeviceConversion */ = {
			isa = XCSwiftPackageProductDependency;
			package = C76C7C712B2E464F0052742A /* XCRemoteSwiftPackageReference "firebase-ios-sdk" */;
			productName = FirebaseAnalyticsOnDeviceConversion;
		};
		C76C7C762B2E464F0052742A /* FirebaseAnalyticsSwift */ = {
			isa = XCSwiftPackageProductDependency;
			package = C76C7C712B2E464F0052742A /* XCRemoteSwiftPackageReference "firebase-ios-sdk" */;
			productName = FirebaseAnalyticsSwift;
		};
		C76C7C782B2E464F0052742A /* FirebaseAnalyticsWithoutAdIdSupport */ = {
			isa = XCSwiftPackageProductDependency;
			package = C76C7C712B2E464F0052742A /* XCRemoteSwiftPackageReference "firebase-ios-sdk" */;
			productName = FirebaseAnalyticsWithoutAdIdSupport;
		};
		C76C7C7A2B2E464F0052742A /* FirebaseAppCheck */ = {
			isa = XCSwiftPackageProductDependency;
			package = C76C7C712B2E464F0052742A /* XCRemoteSwiftPackageReference "firebase-ios-sdk" */;
			productName = FirebaseAppCheck;
		};
		C76C7C7C2B2E464F0052742A /* FirebaseAppDistribution-Beta */ = {
			isa = XCSwiftPackageProductDependency;
			package = C76C7C712B2E464F0052742A /* XCRemoteSwiftPackageReference "firebase-ios-sdk" */;
			productName = "FirebaseAppDistribution-Beta";
		};
		C76C7C7E2B2E464F0052742A /* FirebaseAuth */ = {
			isa = XCSwiftPackageProductDependency;
			package = C76C7C712B2E464F0052742A /* XCRemoteSwiftPackageReference "firebase-ios-sdk" */;
			productName = FirebaseAuth;
		};
		C76C7C802B2E464F0052742A /* FirebaseAuthCombine-Community */ = {
			isa = XCSwiftPackageProductDependency;
			package = C76C7C712B2E464F0052742A /* XCRemoteSwiftPackageReference "firebase-ios-sdk" */;
			productName = "FirebaseAuthCombine-Community";
		};
		C76C7C822B2E464F0052742A /* FirebaseCrashlytics */ = {
			isa = XCSwiftPackageProductDependency;
			package = C76C7C712B2E464F0052742A /* XCRemoteSwiftPackageReference "firebase-ios-sdk" */;
			productName = FirebaseCrashlytics;
		};
		C76C7C842B2E464F0052742A /* FirebaseDatabase */ = {
			isa = XCSwiftPackageProductDependency;
			package = C76C7C712B2E464F0052742A /* XCRemoteSwiftPackageReference "firebase-ios-sdk" */;
			productName = FirebaseDatabase;
		};
		C76C7C862B2E464F0052742A /* FirebaseDatabaseSwift */ = {
			isa = XCSwiftPackageProductDependency;
			package = C76C7C712B2E464F0052742A /* XCRemoteSwiftPackageReference "firebase-ios-sdk" */;
			productName = FirebaseDatabaseSwift;
		};
		C76C7C882B2E464F0052742A /* FirebaseDynamicLinks */ = {
			isa = XCSwiftPackageProductDependency;
			package = C76C7C712B2E464F0052742A /* XCRemoteSwiftPackageReference "firebase-ios-sdk" */;
			productName = FirebaseDynamicLinks;
		};
		C76C7C8A2B2E464F0052742A /* FirebaseFirestore */ = {
			isa = XCSwiftPackageProductDependency;
			package = C76C7C712B2E464F0052742A /* XCRemoteSwiftPackageReference "firebase-ios-sdk" */;
			productName = FirebaseFirestore;
		};
		C76C7C8C2B2E464F0052742A /* FirebaseFirestoreCombine-Community */ = {
			isa = XCSwiftPackageProductDependency;
			package = C76C7C712B2E464F0052742A /* XCRemoteSwiftPackageReference "firebase-ios-sdk" */;
			productName = "FirebaseFirestoreCombine-Community";
		};
		C76C7C8E2B2E464F0052742A /* FirebaseFirestoreSwift */ = {
			isa = XCSwiftPackageProductDependency;
			package = C76C7C712B2E464F0052742A /* XCRemoteSwiftPackageReference "firebase-ios-sdk" */;
			productName = FirebaseFirestoreSwift;
		};
		C76C7C902B2E464F0052742A /* FirebaseFunctions */ = {
			isa = XCSwiftPackageProductDependency;
			package = C76C7C712B2E464F0052742A /* XCRemoteSwiftPackageReference "firebase-ios-sdk" */;
			productName = FirebaseFunctions;
		};
		C76C7C922B2E464F0052742A /* FirebaseFunctionsCombine-Community */ = {
			isa = XCSwiftPackageProductDependency;
			package = C76C7C712B2E464F0052742A /* XCRemoteSwiftPackageReference "firebase-ios-sdk" */;
			productName = "FirebaseFunctionsCombine-Community";
		};
		C76C7C942B2E464F0052742A /* FirebaseInAppMessaging-Beta */ = {
			isa = XCSwiftPackageProductDependency;
			package = C76C7C712B2E464F0052742A /* XCRemoteSwiftPackageReference "firebase-ios-sdk" */;
			productName = "FirebaseInAppMessaging-Beta";
		};
		C76C7C962B2E464F0052742A /* FirebaseInAppMessagingSwift-Beta */ = {
			isa = XCSwiftPackageProductDependency;
			package = C76C7C712B2E464F0052742A /* XCRemoteSwiftPackageReference "firebase-ios-sdk" */;
			productName = "FirebaseInAppMessagingSwift-Beta";
		};
		C76C7C982B2E464F0052742A /* FirebaseInstallations */ = {
			isa = XCSwiftPackageProductDependency;
			package = C76C7C712B2E464F0052742A /* XCRemoteSwiftPackageReference "firebase-ios-sdk" */;
			productName = FirebaseInstallations;
		};
		C76C7C9A2B2E464F0052742A /* FirebaseMLModelDownloader */ = {
			isa = XCSwiftPackageProductDependency;
			package = C76C7C712B2E464F0052742A /* XCRemoteSwiftPackageReference "firebase-ios-sdk" */;
			productName = FirebaseMLModelDownloader;
		};
		C76C7C9C2B2E464F0052742A /* FirebaseMessaging */ = {
			isa = XCSwiftPackageProductDependency;
			package = C76C7C712B2E464F0052742A /* XCRemoteSwiftPackageReference "firebase-ios-sdk" */;
			productName = FirebaseMessaging;
		};
		C76C7C9E2B2E464F0052742A /* FirebasePerformance */ = {
			isa = XCSwiftPackageProductDependency;
			package = C76C7C712B2E464F0052742A /* XCRemoteSwiftPackageReference "firebase-ios-sdk" */;
			productName = FirebasePerformance;
		};
		C76C7CA02B2E464F0052742A /* FirebaseRemoteConfig */ = {
			isa = XCSwiftPackageProductDependency;
			package = C76C7C712B2E464F0052742A /* XCRemoteSwiftPackageReference "firebase-ios-sdk" */;
			productName = FirebaseRemoteConfig;
		};
		C76C7CA22B2E464F0052742A /* FirebaseRemoteConfigSwift */ = {
			isa = XCSwiftPackageProductDependency;
			package = C76C7C712B2E464F0052742A /* XCRemoteSwiftPackageReference "firebase-ios-sdk" */;
			productName = FirebaseRemoteConfigSwift;
		};
		C76C7CA42B2E464F0052742A /* FirebaseStorage */ = {
			isa = XCSwiftPackageProductDependency;
			package = C76C7C712B2E464F0052742A /* XCRemoteSwiftPackageReference "firebase-ios-sdk" */;
			productName = FirebaseStorage;
		};
		C76C7CA62B2E464F0052742A /* FirebaseStorageCombine-Community */ = {
			isa = XCSwiftPackageProductDependency;
			package = C76C7C712B2E464F0052742A /* XCRemoteSwiftPackageReference "firebase-ios-sdk" */;
			productName = "FirebaseStorageCombine-Community";
		};
/* End XCSwiftPackageProductDependency section */
	};
	rootObject = C74E045E2B2BF0B00066095B /* Project object */;
}
